
Microsoft Visual Studio Solution File, Format Version 12.00
# Visual Studio 15
VisualStudioVersion = 15.0.28010.2048
MinimumVisualStudioVersion = 10.0.40219.1
Project("{FAE04EC0-301F-11D3-BF4B-00C04F79EFBC}") = "Ex32", "Ex32\Ex32.csproj", "{DBB75C25-50C4-4058-B4A9-04B0050977A8}"
EndProject
Global
	GlobalSection(SolutionConfigurationPlatforms) = preSolution
		Debug|Any CPU = Debug|Any CPU
		Release|Any CPU = Release|Any CPU
	EndGlobalSection
	GlobalSection(ProjectConfigurationPlatforms) = postSolution
		{DBB75C25-50C4-4058-B4A9-04B0050977A8}.Debug|Any CPU.ActiveCfg = Debug|Any CPU
		{DBB75C25-50C4-4058-B4A9-04B0050977A8}.Debug|Any CPU.Build.0 = Debug|Any CPU
		{DBB75C25-50C4-4058-B4A9-04B0050977A8}.Release|Any CPU.ActiveCfg = Release|Any CPU
		{DBB75C25-50C4-4058-B4A9-04B0050977A8}.Release|Any CPU.Build.0 = Release|Any CPU
	EndGlobalSection
	GlobalSection(SolutionProperties) = preSolution
		HideSolutionNode = FALSE
	EndGlobalSection
	GlobalSection(ExtensibilityGlobals) = postSolution
		SolutionGuid = {40345051-7013-454A-88A6-CD38616C188A}
	EndGlobalSection
EndGlobal
